<?xml version="1.0" encoding="utf-8"?>
<Project ToolsVersion="4.0" xmlns="http://schemas.microsoft.com/developer/msbuild/2003">
  <ItemGroup>
    <Filter Include="Source Files">
      <UniqueIdentifier>{4FC737F1-C7A5-4376-A066-2A32D752A2FF}</UniqueIdentifier>
      <Extensions>cpp;c;cc;cxx;def;odl;idl;hpj;bat;asm;asmx</Extensions>
    </Filter>
    <Filter Include="Header Files">
      <UniqueIdentifier>{93995380-89BD-4b04-88EB-625FBE52EBFB}</UniqueIdentifier>
      <Extensions>h;hh;hpp;hxx;hm;inl;inc;xsd</Extensions>
    </Filter>
    <Filter Include="Resource Files">
      <UniqueIdentifier>{67DA6AB6-F800-4c08-8B7A-83BB121AAD01}</UniqueIdentifier>
      <Extensions>rc;ico;cur;bmp;dlg;rc2;rct;bin;rgs;gif;jpg;jpeg;jpe;resx;tiff;tif;png;wav;mfcribbon-ms</Extensions>
    </Filter>
  </ItemGroup>
  <ItemGroup>
    <ClInclude Include="main.h">
      <Filter>Header Files</Filter>
    </ClInclude>
    <ClInclude Include="Config.h">
      <Filter>Header Files</Filter>
    </ClInclude>
    <ClInclude Include="log.h">
      <Filter>Header Files</Filter>
    </ClInclude>
    <ClInclude Include="hooks\hooks_manager.h">
      <Filter>Header Files</Filter>
    </ClInclude>
    <ClInclude Include="addons\addons_manager.h">
      <Filter>Header Files</Filter>
    </ClInclude>
    <ClInclude Include="gui\Window.h">
      <Filter>Header Files</Filter>
    </ClInclude>
    <ClInclude Include="addons\Addon.h">
      <Filter>Header Files</Filter>
    </ClInclude>
    <ClInclude Include="gui\gui_manager.h">
      <Filter>Header Files</Filter>
    </ClInclude>
    <ClInclude Include="addons\exceptions.h">
      <Filter>Header Files</Filter>
    </ClInclude>
    <ClInclude Include="hooks\LoaderDirect3D9.h">
      <Filter>Header Files</Filter>
    </ClInclude>
    <ClInclude Include="hooks\LoaderDirect3DDevice9.h">
      <Filter>Header Files</Filter>
    </ClInclude>
    <ClInclude Include="resource.h">
      <Filter>Header Files</Filter>
    </ClInclude>
    <ClInclude Include="gui\SettingsWindow.h">
      <Filter>Header Files</Filter>
    </ClInclude>
    <ClInclude Include="input.h">
      <Filter>Header Files</Filter>
    </ClInclude>
    <ClInclude Include="utils\encoding.h">
      <Filter>Header Files</Filter>
    </ClInclude>
    <ClInclude Include="utils\debug.h">
      <Filter>Header Files</Filter>
    </ClInclude>
    <ClInclude Include="gui\imgui.h">
      <Filter>Header Files</Filter>
    </ClInclude>
    <ClInclude Include="gui\BitmapFontAtlas.h">
      <Filter>Header Files</Filter>
    </ClInclude>
    <ClInclude Include="IconsOcticons.h">
      <Filter>Header Files</Filter>
    </ClInclude>
    <ClInclude Include="version.h">
      <Filter>Header Files</Filter>
    </ClInclude>
    <ClInclude Include="hooks\FunctionHook.h">
      <Filter>Header Files</Filter>
    </ClInclude>
    <ClInclude Include="hooks\ChainHook.h">
      <Filter>Header Files</Filter>
    </ClInclude>
    <ClInclude Include="hooks\MumbleLink.h">
      <Filter>Header Files</Filter>
    </ClInclude>
    <ClInclude Include="utils\web.h">
      <Filter>Header Files</Filter>
    </ClInclude>
    <ClInclude Include="updaters\GithubReleasesUpdater.h">
      <Filter>Header Files</Filter>
    </ClInclude>
    <ClInclude Include="updaters\Updater.h">
      <Filter>Header Files</Filter>
    </ClInclude>
    <ClInclude Include="addons\NativeAddon.h">
      <Filter>Header Files</Filter>
    </ClInclude>
    <ClInclude Include="updaters\update_manager.h">
      <Filter>Header Files</Filter>
    </ClInclude>
    <ClInclude Include="updaters\Installer.h">
      <Filter>Header Files</Filter>
    </ClInclude>
    <ClInclude Include="globals.h">
      <Filter>Header Files</Filter>
    </ClInclude>
    <ClInclude Include="utils\file.h">
      <Filter>Header Files</Filter>
    </ClInclude>
    <ClInclude Include="addons\AddonFunc.h">
      <Filter>Header Files</Filter>
    </ClInclude>
    <ClInclude Include="Event.h">
      <Filter>Header Files</Filter>
    </ClInclude>
    <ClInclude Include="gui\elements\ExtraImGuiElements.h">
      <Filter>Header Files</Filter>
    </ClInclude>
    <ClInclude Include="gui\elements\AddonListItem.h">
      <Filter>Header Files</Filter>
    </ClInclude>
    <ClInclude Include="addons\LegacyAddon.h">
      <Filter>Header Files</Filter>
    </ClInclude>
    <ClInclude Include="addons\ProxyAddon.h">
      <Filter>Header Files</Filter>
    </ClInclude>
    <ClInclude Include="addons\ProxyDirect3DDevice9.h">
      <Filter>Header Files</Filter>
    </ClInclude>
    <ClInclude Include="minhook.h">
      <Filter>Header Files</Filter>
    </ClInclude>
    <ClInclude Include="addons\AddonsList.h">
      <Filter>Header Files</Filter>
    </ClInclude>
    <ClInclude Include="disasm\opcodes.h">
      <Filter>Header Files</Filter>
    </ClInclude>
    <ClInclude Include="disasm\d3d9Vtbl.h">
      <Filter>Header Files</Filter>
    </ClInclude>
    <ClInclude Include="gui\DisclaimerWindow.h">
      <Filter>Header Files</Filter>
    </ClInclude>
    <ClInclude Include="stdafx.h">
      <Filter>Header Files</Filter>
    </ClInclude>
    <ClInclude Include="gui\elements\KeybindBox.h">
      <Filter>Header Files</Filter>
    </ClInclude>
    <ClInclude Include="diagnostics\ThreadMonitor.h">
      <Filter>Header Files</Filter>
    </ClInclude>
    <ClInclude Include="diagnostics\ThreadInfo.h">
      <Filter>Header Files</Filter>
    </ClInclude>
    <ClInclude Include="gui\elements\Columns.h">
      <Filter>Header Files</Filter>
    </ClInclude>
    <ClInclude Include="updaters\CustomUpdater.h">
      <Filter>Header Files</Filter>
    </ClInclude>
    <ClInclude Include="utils\string.h">
      <Filter>Header Files</Filter>
    </ClInclude>
    <ClInclude Include="updaters\HttpDownloader.h">
      <Filter>Header Files</Filter>
    </ClInclude>
    <ClInclude Include="updaters\Downloader.h">
      <Filter>Header Files</Filter>
    </ClInclude>
    <ClInclude Include="updaters\CustomDownloader.h">
      <Filter>Header Files</Filter>
    </ClInclude>
    <ClInclude Include="gui\AddonSettingsWindow.h">
      <Filter>Header Files</Filter>
    </ClInclude>
    <ClInclude Include="diagnostics\TimeMetric.h">
      <Filter>Header Files</Filter>
    </ClInclude>
    <ClInclude Include="diagnostics\SingleTimeMetric.h">
      <Filter>Header Files</Filter>
    </ClInclude>
    <ClInclude Include="diagnostics\HistoricTimeMetric.h">
      <Filter>Header Files</Filter>
    </ClInclude>
    <ClInclude Include="diagnostics\HistoricMetric.h">
      <Filter>Header Files</Filter>
    </ClInclude>
    <ClInclude Include="diagnostics\HistoricFpsMetric.h">
      <Filter>Header Files</Filter>
    </ClInclude>
    <ClInclude Include="addons\AddonFrameFunc.h">
      <Filter>Header Files</Filter>
    </ClInclude>
    <ClInclude Include="addons\AddonCallFunc.h">
      <Filter>Header Files</Filter>
    </ClInclude>
  </ItemGroup>
  <ItemGroup>
    <ClCompile Include="main.cpp">
      <Filter>Source Files</Filter>
    </ClCompile>
    <ClCompile Include="Config.cpp">
      <Filter>Source Files</Filter>
    </ClCompile>
    <ClCompile Include="log.cpp">
      <Filter>Source Files</Filter>
    </ClCompile>
    <ClCompile Include="hooks\hooks_manager.cpp">
      <Filter>Source Files</Filter>
    </ClCompile>
    <ClCompile Include="addons\addons_manager.cpp">
      <Filter>Source Files</Filter>
    </ClCompile>
    <ClCompile Include="gui\Window.cpp">
      <Filter>Source Files</Filter>
    </ClCompile>
    <ClCompile Include="addons\Addon.cpp">
      <Filter>Source Files</Filter>
    </ClCompile>
    <ClCompile Include="gui\gui_manager.cpp">
      <Filter>Source Files</Filter>
    </ClCompile>
    <ClCompile Include="hooks\LoaderDirect3D9.cpp">
      <Filter>Source Files</Filter>
    </ClCompile>
    <ClCompile Include="hooks\LoaderDirect3DDevice9.cpp">
      <Filter>Source Files</Filter>
    </ClCompile>
    <ClCompile Include="gui\SettingsWindow.cpp">
      <Filter>Source Files</Filter>
    </ClCompile>
    <ClCompile Include="input.cpp">
      <Filter>Source Files</Filter>
    </ClCompile>
    <ClCompile Include="utils\encoding.cpp">
      <Filter>Source Files</Filter>
    </ClCompile>
    <ClCompile Include="utils\debug.cpp">
      <Filter>Source Files</Filter>
    </ClCompile>
    <ClCompile Include="gui\imgui.cpp">
      <Filter>Source Files</Filter>
    </ClCompile>
    <ClCompile Include="gui\BitmapFontAtlas.cpp">
      <Filter>Source Files</Filter>
    </ClCompile>
    <ClCompile Include="hooks\FunctionHook.cpp">
      <Filter>Source Files</Filter>
    </ClCompile>
    <ClCompile Include="hooks\ChainHook.cpp">
      <Filter>Source Files</Filter>
    </ClCompile>
    <ClCompile Include="hooks\MumbleLink.cpp">
      <Filter>Source Files</Filter>
    </ClCompile>
    <ClCompile Include="utils\web.cpp">
      <Filter>Source Files</Filter>
    </ClCompile>
    <ClCompile Include="updaters\GithubReleasesUpdater.cpp">
      <Filter>Source Files</Filter>
    </ClCompile>
    <ClCompile Include="updaters\Updater.cpp">
      <Filter>Source Files</Filter>
    </ClCompile>
    <ClCompile Include="updaters\update_manager.cpp">
      <Filter>Source Files</Filter>
    </ClCompile>
    <ClCompile Include="updaters\Installer.cpp">
      <Filter>Source Files</Filter>
    </ClCompile>
    <ClCompile Include="utils\file.cpp">
      <Filter>Source Files</Filter>
    </ClCompile>
    <ClCompile Include="addons\NativeAddon.cpp">
      <Filter>Source Files</Filter>
    </ClCompile>
    <ClCompile Include="gui\elements\AddonListItem.cpp">
      <Filter>Source Files</Filter>
    </ClCompile>
    <ClCompile Include="addons\LegacyAddon.cpp">
      <Filter>Source Files</Filter>
    </ClCompile>
    <ClCompile Include="addons\ProxyAddon.cpp">
      <Filter>Source Files</Filter>
    </ClCompile>
    <ClCompile Include="addons\ProxyDirect3DDevice9.cpp">
      <Filter>Source Files</Filter>
    </ClCompile>
    <ClCompile Include="addons\AddonsList.cpp">
      <Filter>Source Files</Filter>
    </ClCompile>
    <ClCompile Include="disasm\d3d9Vtbl.c">
      <Filter>Source Files</Filter>
    </ClCompile>
    <ClCompile Include="gui\DisclaimerWindow.cpp">
      <Filter>Source Files</Filter>
    </ClCompile>
    <ClCompile Include="stdafx.cpp">
      <Filter>Source Files</Filter>
    </ClCompile>
    <ClCompile Include="gui\elements\KeybindBox.cpp">
      <Filter>Source Files</Filter>
    </ClCompile>
    <ClCompile Include="diagnostics\ThreadMonitor.cpp">
      <Filter>Source Files</Filter>
    </ClCompile>
    <ClCompile Include="diagnostics\ThreadInfo.cpp">
      <Filter>Source Files</Filter>
    </ClCompile>
    <ClCompile Include="gui\elements\Columns.cpp">
      <Filter>Source Files</Filter>
    </ClCompile>
    <ClCompile Include="updaters\CustomUpdater.cpp">
      <Filter>Source Files</Filter>
    </ClCompile>
    <ClCompile Include="utils\string.cpp">
      <Filter>Source Files</Filter>
    </ClCompile>
    <ClCompile Include="updaters\HttpDownloader.cpp">
      <Filter>Source Files</Filter>
    </ClCompile>
    <ClCompile Include="updaters\Downloader.cpp">
      <Filter>Source Files</Filter>
    </ClCompile>
    <ClCompile Include="updaters\CustomDownloader.cpp">
      <Filter>Source Files</Filter>
    </ClCompile>
    <ClCompile Include="gui\AddonSettingsWindow.cpp">
      <Filter>Source Files</Filter>
    </ClCompile>
    <ClCompile Include="diagnostics\TimeMetric.cpp">
      <Filter>Source Files</Filter>
    </ClCompile>
  </ItemGroup>
  <ItemGroup>
    <None Include="exports.def">
      <Filter>Source Files</Filter>
    </None>
    <None Include="packages.config" />
  </ItemGroup>
  <ItemGroup>
    <ResourceCompile Include="loader.rc">
      <Filter>Resource Files</Filter>
    </ResourceCompile>
  </ItemGroup>
</Project>