<?xml version="1.0" encoding="utf-8"?>
<Project ToolsVersion="4.0" xmlns="http://schemas.microsoft.com/developer/msbuild/2003">
  <ItemGroup>
    <Filter Include="Source Files">
      <UniqueIdentifier>{4FC737F1-C7A5-4376-A066-2A32D752A2FF}</UniqueIdentifier>
      <Extensions>cpp;c;cc;cxx;def;odl;idl;hpj;bat;asm;asmx</Extensions>
    </Filter>
    <Filter Include="Header Files">
      <UniqueIdentifier>{93995380-89BD-4b04-88EB-625FBE52EBFB}</UniqueIdentifier>
      <Extensions>h;hh;hpp;hxx;hm;inl;inc;xsd</Extensions>
    </Filter>
    <Filter Include="Resource Files">
      <UniqueIdentifier>{67DA6AB6-F800-4c08-8B7A-83BB121AAD01}</UniqueIdentifier>
      <Extensions>rc;ico;cur;bmp;dlg;rc2;rct;bin;rgs;gif;jpg;jpeg;jpe;resx;tiff;tif;png;wav;mfcribbon-ms</Extensions>
    </Filter>
  </ItemGroup>
  <ItemGroup>
    <ClInclude Include="main.h">
      <Filter>Header Files</Filter>
    </ClInclude>
    <ClInclude Include="Config.h">
      <Filter>Header Files</Filter>
    </ClInclude>
    <ClInclude Include="log.h">
      <Filter>Header Files</Filter>
    </ClInclude>
    <ClInclude Include="hooks\hooks_manager.h">
      <Filter>Header Files</Filter>
    </ClInclude>
    <ClInclude Include="addons\addons_manager.h">
      <Filter>Header Files</Filter>
    </ClInclude>
    <ClInclude Include="windows.h">
      <Filter>Header Files</Filter>
    </ClInclude>
    <ClInclude Include="gui\Window.h">
      <Filter>Header Files</Filter>
    </ClInclude>
    <ClInclude Include="addons\Addon.h">
      <Filter>Header Files</Filter>
    </ClInclude>
    <ClInclude Include="gui\gui_manager.h">
      <Filter>Header Files</Filter>
    </ClInclude>
    <ClInclude Include="gui\MessageWindow.h">
      <Filter>Header Files</Filter>
    </ClInclude>
    <ClInclude Include="addons\types\ITypeImpl.h">
      <Filter>Header Files</Filter>
    </ClInclude>
    <ClInclude Include="addons\exceptions.h">
      <Filter>Header Files</Filter>
    </ClInclude>
    <ClInclude Include="addons\types\DummyAddonImpl.h">
      <Filter>Header Files</Filter>
    </ClInclude>
    <ClInclude Include="addons\types\NativeAddonImpl.h">
      <Filter>Header Files</Filter>
    </ClInclude>
    <ClInclude Include="hooks\LoaderDirect3D9.h">
      <Filter>Header Files</Filter>
    </ClInclude>
    <ClInclude Include="hooks\LoaderDirect3DDevice9.h">
      <Filter>Header Files</Filter>
    </ClInclude>
    <ClInclude Include="resource.h">
      <Filter>Header Files</Filter>
    </ClInclude>
    <ClInclude Include="gui\AddonInfoWindow.h">
      <Filter>Header Files</Filter>
    </ClInclude>
    <ClInclude Include="gui\SettingsWindow.h">
      <Filter>Header Files</Filter>
    </ClInclude>
    <ClInclude Include="input.h">
      <Filter>Header Files</Filter>
    </ClInclude>
    <ClInclude Include="utils\encoding.h">
      <Filter>Header Files</Filter>
    </ClInclude>
    <ClInclude Include="utils\debug.h">
      <Filter>Header Files</Filter>
    </ClInclude>
    <ClInclude Include="TimeMeasure.h">
      <Filter>Header Files</Filter>
    </ClInclude>
    <ClInclude Include="gui\imgui.h">
      <Filter>Header Files</Filter>
    </ClInclude>
    <ClInclude Include="gui\BitmapFont.h">
      <Filter>Header Files</Filter>
    </ClInclude>
  </ItemGroup>
  <ItemGroup>
    <ClCompile Include="main.cpp">
      <Filter>Source Files</Filter>
    </ClCompile>
    <ClCompile Include="Config.cpp">
      <Filter>Source Files</Filter>
    </ClCompile>
    <ClCompile Include="log.cpp">
      <Filter>Source Files</Filter>
    </ClCompile>
    <ClCompile Include="hooks\hooks_manager.cpp">
      <Filter>Source Files</Filter>
    </ClCompile>
    <ClCompile Include="addons\addons_manager.cpp">
      <Filter>Source Files</Filter>
    </ClCompile>
    <ClCompile Include="gui\Window.cpp">
      <Filter>Source Files</Filter>
    </ClCompile>
    <ClCompile Include="addons\Addon.cpp">
      <Filter>Source Files</Filter>
    </ClCompile>
    <ClCompile Include="gui\gui_manager.cpp">
      <Filter>Source Files</Filter>
    </ClCompile>
    <ClCompile Include="gui\MessageWindow.cpp">
      <Filter>Source Files</Filter>
    </ClCompile>
    <ClCompile Include="addons\types\ITypeImpl.cpp">
      <Filter>Source Files</Filter>
    </ClCompile>
    <ClCompile Include="addons\types\DummyAddonImpl.cpp">
      <Filter>Source Files</Filter>
    </ClCompile>
    <ClCompile Include="addons\types\NativeAddonImpl.cpp">
      <Filter>Source Files</Filter>
    </ClCompile>
    <ClCompile Include="hooks\LoaderDirect3D9.cpp">
      <Filter>Source Files</Filter>
    </ClCompile>
    <ClCompile Include="hooks\LoaderDirect3DDevice9.cpp">
      <Filter>Source Files</Filter>
    </ClCompile>
    <ClCompile Include="gui\AddonInfoWindow.cpp">
      <Filter>Source Files</Filter>
    </ClCompile>
    <ClCompile Include="gui\SettingsWindow.cpp">
      <Filter>Source Files</Filter>
    </ClCompile>
    <ClCompile Include="input.cpp">
      <Filter>Source Files</Filter>
    </ClCompile>
    <ClCompile Include="utils\encoding.cpp">
      <Filter>Source Files</Filter>
    </ClCompile>
    <ClCompile Include="utils\debug.cpp">
      <Filter>Source Files</Filter>
    </ClCompile>
    <ClCompile Include="TimeMeasure.cpp">
      <Filter>Source Files</Filter>
    </ClCompile>
    <ClCompile Include="gui\imgui.cpp">
      <Filter>Source Files</Filter>
    </ClCompile>
    <ClCompile Include="gui\BitmapFont.cpp">
      <Filter>Source Files</Filter>
    </ClCompile>
  </ItemGroup>
  <ItemGroup>
    <None Include="exports.def">
      <Filter>Source Files</Filter>
    </None>
    <None Include="..\..\resources\fonts\gw2-trebuchet_18.pbf" />
    <None Include="..\..\resources\fonts\materialicons_16.pbf" />
  </ItemGroup>
  <ItemGroup>
    <ResourceCompile Include="loader.rc">
      <Filter>Resource Files</Filter>
    </ResourceCompile>
  </ItemGroup>
  <ItemGroup>
    <Font Include="..\..\resources\fonts\originals\MaterialIcons-Regular.ttf" />
  </ItemGroup>
</Project>